
Microsoft Visual Studio Solution File, Format Version 12.00
# Visual Studio Version 17
VisualStudioVersion = 17.5.002.0
MinimumVisualStudioVersion = 10.0.40219.1
Project("{9A19103F-16F7-4668-BE54-9A1E7A4F7556}") = "efcoreApp", "efcoreApp.csproj", "{6C7D7FAA-933C-4381-B909-B110E6F57B00}"
EndProject
Global
	GlobalSection(SolutionConfigurationPlatforms) = preSolution
		Debug|Any CPU = Debug|Any CPU
		Release|Any CPU = Release|Any CPU
	EndGlobalSection
	GlobalSection(ProjectConfigurationPlatforms) = postSolution
		{6C7D7FAA-933C-4381-B909-B110E6F57B00}.Debug|Any CPU.ActiveCfg = Debug|Any CPU
		{6C7D7FAA-933C-4381-B909-B110E6F57B00}.Debug|Any CPU.Build.0 = Debug|Any CPU
		{6C7D7FAA-933C-4381-B909-B110E6F57B00}.Release|Any CPU.ActiveCfg = Release|Any CPU
		{6C7D7FAA-933C-4381-B909-B110E6F57B00}.Release|Any CPU.Build.0 = Release|Any CPU
	EndGlobalSection
	GlobalSection(SolutionProperties) = preSolution
		HideSolutionNode = FALSE
	EndGlobalSection
	GlobalSection(ExtensibilityGlobals) = postSolution
		SolutionGuid = {362A981B-5051-4586-BC8D-08A4E1611B58}
	EndGlobalSection
EndGlobal
